
Microsoft Visual Studio Solution File, Format Version 12.00
# Visual Studio 15
VisualStudioVersion = 15.0.27130.2027
MinimumVisualStudioVersion = 10.0.40219.1
Project("{FAE04EC0-301F-11D3-BF4B-00C04F79EFBC}") = "seleccion.Android", "seleccion\seleccion.Android\seleccion.Android.csproj", "{BB397ABA-A3C1-4645-8274-F2CC6261B4C4}"
EndProject
Project("{FAE04EC0-301F-11D3-BF4B-00C04F79EFBC}") = "seleccion.iOS", "seleccion\seleccion.iOS\seleccion.iOS.csproj", "{F5B92556-D69A-4375-9E23-7D5D63E578AC}"
EndProject
Project("{FAE04EC0-301F-11D3-BF4B-00C04F79EFBC}") = "seleccion", "seleccion\seleccion\seleccion.csproj", "{424F323E-246C-4D5E-BAC1-82B5705C0751}"
EndProject
Global
	GlobalSection(SolutionConfigurationPlatforms) = preSolution
		Ad-Hoc|Any CPU = Ad-Hoc|Any CPU
		Ad-Hoc|iPhone = Ad-Hoc|iPhone
		Ad-Hoc|iPhoneSimulator = Ad-Hoc|iPhoneSimulator
		AppStore|Any CPU = AppStore|Any CPU
		AppStore|iPhone = AppStore|iPhone
		AppStore|iPhoneSimulator = AppStore|iPhoneSimulator
		Debug|Any CPU = Debug|Any CPU
		Debug|iPhone = Debug|iPhone
		Debug|iPhoneSimulator = Debug|iPhoneSimulator
		Release|Any CPU = Release|Any CPU
		Release|iPhone = Release|iPhone
		Release|iPhoneSimulator = Release|iPhoneSimulator
	EndGlobalSection
	GlobalSection(ProjectConfigurationPlatforms) = postSolution
		{BB397ABA-A3C1-4645-8274-F2CC6261B4C4}.Ad-Hoc|Any CPU.ActiveCfg = Release|Any CPU
		{BB397ABA-A3C1-4645-8274-F2CC6261B4C4}.Ad-Hoc|Any CPU.Build.0 = Release|Any CPU
		{BB397ABA-A3C1-4645-8274-F2CC6261B4C4}.Ad-Hoc|Any CPU.Deploy.0 = Release|Any CPU
		{BB397ABA-A3C1-4645-8274-F2CC6261B4C4}.Ad-Hoc|iPhone.ActiveCfg = Release|Any CPU
		{BB397ABA-A3C1-4645-8274-F2CC6261B4C4}.Ad-Hoc|iPhone.Build.0 = Release|Any CPU
		{BB397ABA-A3C1-4645-8274-F2CC6261B4C4}.Ad-Hoc|iPhone.Deploy.0 = Release|Any CPU
		{BB397ABA-A3C1-4645-8274-F2CC6261B4C4}.Ad-Hoc|iPhoneSimulator.ActiveCfg = Release|Any CPU
		{BB397ABA-A3C1-4645-8274-F2CC6261B4C4}.Ad-Hoc|iPhoneSimulator.Build.0 = Release|Any CPU
		{BB397ABA-A3C1-4645-8274-F2CC6261B4C4}.Ad-Hoc|iPhoneSimulator.Deploy.0 = Release|Any CPU
		{BB397ABA-A3C1-4645-8274-F2CC6261B4C4}.AppStore|Any CPU.ActiveCfg = Release|Any CPU
		{BB397ABA-A3C1-4645-8274-F2CC6261B4C4}.AppStore|Any CPU.Build.0 = Release|Any CPU
		{BB397ABA-A3C1-4645-8274-F2CC6261B4C4}.AppStore|Any CPU.Deploy.0 = Release|Any CPU
		{BB397ABA-A3C1-4645-8274-F2CC6261B4C4}.AppStore|iPhone.ActiveCfg = Release|Any CPU
		{BB397ABA-A3C1-4645-8274-F2CC6261B4C4}.AppStore|iPhone.Build.0 = Release|Any CPU
		{BB397ABA-A3C1-4645-8274-F2CC6261B4C4}.AppStore|iPhone.Deploy.0 = Release|Any CPU
		{BB397ABA-A3C1-4645-8274-F2CC6261B4C4}.AppStore|iPhoneSimulator.ActiveCfg = Release|Any CPU
		{BB397ABA-A3C1-4645-8274-F2CC6261B4C4}.AppStore|iPhoneSimulator.Build.0 = Release|Any CPU
		{BB397ABA-A3C1-4645-8274-F2CC6261B4C4}.AppStore|iPhoneSimulator.Deploy.0 = Release|Any CPU
		{BB397ABA-A3C1-4645-8274-F2CC6261B4C4}.Debug|Any CPU.ActiveCfg = Debug|Any CPU
		{BB397ABA-A3C1-4645-8274-F2CC6261B4C4}.Debug|Any CPU.Build.0 = Debug|Any CPU
		{BB397ABA-A3C1-4645-8274-F2CC6261B4C4}.Debug|Any CPU.Deploy.0 = Debug|Any CPU
		{BB397ABA-A3C1-4645-8274-F2CC6261B4C4}.Debug|iPhone.ActiveCfg = Debug|Any CPU
		{BB397ABA-A3C1-4645-8274-F2CC6261B4C4}.Debug|iPhone.Build.0 = Debug|Any CPU
		{BB397ABA-A3C1-4645-8274-F2CC6261B4C4}.Debug|iPhone.Deploy.0 = Debug|Any CPU
		{BB397ABA-A3C1-4645-8274-F2CC6261B4C4}.Debug|iPhoneSimulator.ActiveCfg = Debug|Any CPU
		{BB397ABA-A3C1-4645-8274-F2CC6261B4C4}.Debug|iPhoneSimulator.Build.0 = Debug|Any CPU
		{BB397ABA-A3C1-4645-8274-F2CC6261B4C4}.Debug|iPhoneSimulator.Deploy.0 = Debug|Any CPU
		{BB397ABA-A3C1-4645-8274-F2CC6261B4C4}.Release|Any CPU.ActiveCfg = Release|Any CPU
		{BB397ABA-A3C1-4645-8274-F2CC6261B4C4}.Release|Any CPU.Build.0 = Release|Any CPU
		{BB397ABA-A3C1-4645-8274-F2CC6261B4C4}.Release|Any CPU.Deploy.0 = Release|Any CPU
		{BB397ABA-A3C1-4645-8274-F2CC6261B4C4}.Release|iPhone.ActiveCfg = Release|Any CPU
		{BB397ABA-A3C1-4645-8274-F2CC6261B4C4}.Release|iPhone.Build.0 = Release|Any CPU
		{BB397ABA-A3C1-4645-8274-F2CC6261B4C4}.Release|iPhone.Deploy.0 = Release|Any CPU
		{BB397ABA-A3C1-4645-8274-F2CC6261B4C4}.Release|iPhoneSimulator.ActiveCfg = Release|Any CPU
		{BB397ABA-A3C1-4645-8274-F2CC6261B4C4}.Release|iPhoneSimulator.Build.0 = Release|Any CPU
		{BB397ABA-A3C1-4645-8274-F2CC6261B4C4}.Release|iPhoneSimulator.Deploy.0 = Release|Any CPU
		{F5B92556-D69A-4375-9E23-7D5D63E578AC}.Ad-Hoc|Any CPU.ActiveCfg = Ad-Hoc|iPhone
		{F5B92556-D69A-4375-9E23-7D5D63E578AC}.Ad-Hoc|iPhone.ActiveCfg = Ad-Hoc|iPhone
		{F5B92556-D69A-4375-9E23-7D5D63E578AC}.Ad-Hoc|iPhone.Build.0 = Ad-Hoc|iPhone
		{F5B92556-D69A-4375-9E23-7D5D63E578AC}.Ad-Hoc|iPhoneSimulator.ActiveCfg = Ad-Hoc|iPhoneSimulator
		{F5B92556-D69A-4375-9E23-7D5D63E578AC}.Ad-Hoc|iPhoneSimulator.Build.0 = Ad-Hoc|iPhoneSimulator
		{F5B92556-D69A-4375-9E23-7D5D63E578AC}.AppStore|Any CPU.ActiveCfg = AppStore|iPhone
		{F5B92556-D69A-4375-9E23-7D5D63E578AC}.AppStore|iPhone.ActiveCfg = AppStore|iPhone
		{F5B92556-D69A-4375-9E23-7D5D63E578AC}.AppStore|iPhone.Build.0 = AppStore|iPhone
		{F5B92556-D69A-4375-9E23-7D5D63E578AC}.AppStore|iPhoneSimulator.ActiveCfg = AppStore|iPhoneSimulator
		{F5B92556-D69A-4375-9E23-7D5D63E578AC}.AppStore|iPhoneSimulator.Build.0 = AppStore|iPhoneSimulator
		{F5B92556-D69A-4375-9E23-7D5D63E578AC}.Debug|Any CPU.ActiveCfg = Debug|iPhone
		{F5B92556-D69A-4375-9E23-7D5D63E578AC}.Debug|iPhone.ActiveCfg = Debug|iPhone
		{F5B92556-D69A-4375-9E23-7D5D63E578AC}.Debug|iPhone.Build.0 = Debug|iPhone
		{F5B92556-D69A-4375-9E23-7D5D63E578AC}.Debug|iPhoneSimulator.ActiveCfg = Debug|iPhoneSimulator
		{F5B92556-D69A-4375-9E23-7D5D63E578AC}.Debug|iPhoneSimulator.Build.0 = Debug|iPhoneSimulator
		{F5B92556-D69A-4375-9E23-7D5D63E578AC}.Release|Any CPU.ActiveCfg = Release|iPhone
		{F5B92556-D69A-4375-9E23-7D5D63E578AC}.Release|iPhone.ActiveCfg = Release|iPhone
		{F5B92556-D69A-4375-9E23-7D5D63E578AC}.Release|iPhone.Build.0 = Release|iPhone
		{F5B92556-D69A-4375-9E23-7D5D63E578AC}.Release|iPhoneSimulator.ActiveCfg = Release|iPhoneSimulator
		{F5B92556-D69A-4375-9E23-7D5D63E578AC}.Release|iPhoneSimulator.Build.0 = Release|iPhoneSimulator
		{424F323E-246C-4D5E-BAC1-82B5705C0751}.Ad-Hoc|Any CPU.ActiveCfg = Debug|Any CPU
		{424F323E-246C-4D5E-BAC1-82B5705C0751}.Ad-Hoc|Any CPU.Build.0 = Debug|Any CPU
		{424F323E-246C-4D5E-BAC1-82B5705C0751}.Ad-Hoc|iPhone.ActiveCfg = Debug|Any CPU
		{424F323E-246C-4D5E-BAC1-82B5705C0751}.Ad-Hoc|iPhone.Build.0 = Debug|Any CPU
		{424F323E-246C-4D5E-BAC1-82B5705C0751}.Ad-Hoc|iPhoneSimulator.ActiveCfg = Debug|Any CPU
		{424F323E-246C-4D5E-BAC1-82B5705C0751}.Ad-Hoc|iPhoneSimulator.Build.0 = Debug|Any CPU
		{424F323E-246C-4D5E-BAC1-82B5705C0751}.AppStore|Any CPU.ActiveCfg = Debug|Any CPU
		{424F323E-246C-4D5E-BAC1-82B5705C0751}.AppStore|Any CPU.Build.0 = Debug|Any CPU
		{424F323E-246C-4D5E-BAC1-82B5705C0751}.AppStore|iPhone.ActiveCfg = Debug|Any CPU
		{424F323E-246C-4D5E-BAC1-82B5705C0751}.AppStore|iPhone.Build.0 = Debug|Any CPU
		{424F323E-246C-4D5E-BAC1-82B5705C0751}.AppStore|iPhoneSimulator.ActiveCfg = Debug|Any CPU
		{424F323E-246C-4D5E-BAC1-82B5705C0751}.AppStore|iPhoneSimulator.Build.0 = Debug|Any CPU
		{424F323E-246C-4D5E-BAC1-82B5705C0751}.Debug|Any CPU.ActiveCfg = Debug|Any CPU
		{424F323E-246C-4D5E-BAC1-82B5705C0751}.Debug|Any CPU.Build.0 = Debug|Any CPU
		{424F323E-246C-4D5E-BAC1-82B5705C0751}.Debug|iPhone.ActiveCfg = Debug|Any CPU
		{424F323E-246C-4D5E-BAC1-82B5705C0751}.Debug|iPhone.Build.0 = Debug|Any CPU
		{424F323E-246C-4D5E-BAC1-82B5705C0751}.Debug|iPhoneSimulator.ActiveCfg = Debug|Any CPU
		{424F323E-246C-4D5E-BAC1-82B5705C0751}.Debug|iPhoneSimulator.Build.0 = Debug|Any CPU
		{424F323E-246C-4D5E-BAC1-82B5705C0751}.Release|Any CPU.ActiveCfg = Release|Any CPU
		{424F323E-246C-4D5E-BAC1-82B5705C0751}.Release|Any CPU.Build.0 = Release|Any CPU
		{424F323E-246C-4D5E-BAC1-82B5705C0751}.Release|iPhone.ActiveCfg = Release|Any CPU
		{424F323E-246C-4D5E-BAC1-82B5705C0751}.Release|iPhone.Build.0 = Release|Any CPU
		{424F323E-246C-4D5E-BAC1-82B5705C0751}.Release|iPhoneSimulator.ActiveCfg = Release|Any CPU
		{424F323E-246C-4D5E-BAC1-82B5705C0751}.Release|iPhoneSimulator.Build.0 = Release|Any CPU
	EndGlobalSection
	GlobalSection(SolutionProperties) = preSolution
		HideSolutionNode = FALSE
	EndGlobalSection
	GlobalSection(ExtensibilityGlobals) = postSolution
		SolutionGuid = {028F55C7-ED5C-4451-A8BE-503E432BE8B0}
	EndGlobalSection
EndGlobal
